
Microsoft Visual Studio Solution File, Format Version 12.00
# Visual Studio Version 17
VisualStudioVersion = 17.13.35919.96
MinimumVisualStudioVersion = 10.0.40219.1
Project("{FAE04EC0-301F-11D3-BF4B-00C04F79EFBC}") = "PRN222.CourseManagement.Repository", "PRN222.CourseManagement.Repository\PRN222.CourseManagement.Repository.csproj", "{E07D6485-2ABB-41DA-B349-7D05EDABAB77}"
EndProject
Project("{FAE04EC0-301F-11D3-BF4B-00C04F79EFBC}") = "PRN222.CourseManagement.ConsoleApp", "PRN222.CourseManagement.ConsoleApp\PRN222.CourseManagement.ConsoleApp.csproj", "{B44D442A-D4B5-4947-88C3-8AAE721B5EFE}"
EndProject
Project("{2150E333-8FDC-42A3-9474-1A3956D46DE8}") = "Test", "Test", "{02EA681E-C7D8-13C7-8484-4AC65E1B71E8}"
EndProject
Project("{FAE04EC0-301F-11D3-BF4B-00C04F79EFBC}") = "Repositroy_Test", "Repositroy_Test\Repositroy_Test.csproj", "{3F716CED-F97F-4AD5-B6F8-60637B1AE8D5}"
EndProject
Project("{FAE04EC0-301F-11D3-BF4B-00C04F79EFBC}") = "PRN222.CourseManagement.Service", "PRN222.CourseManagement.Service\PRN222.CourseManagement.Service.csproj", "{8D6D5017-CE80-4548-8A02-F503DAB329A5}"
EndProject
Global
	GlobalSection(SolutionConfigurationPlatforms) = preSolution
		Debug|Any CPU = Debug|Any CPU
		Release|Any CPU = Release|Any CPU
	EndGlobalSection
	GlobalSection(ProjectConfigurationPlatforms) = postSolution
		{E07D6485-2ABB-41DA-B349-7D05EDABAB77}.Debug|Any CPU.ActiveCfg = Debug|Any CPU
		{E07D6485-2ABB-41DA-B349-7D05EDABAB77}.Debug|Any CPU.Build.0 = Debug|Any CPU
		{E07D6485-2ABB-41DA-B349-7D05EDABAB77}.Release|Any CPU.ActiveCfg = Release|Any CPU
		{E07D6485-2ABB-41DA-B349-7D05EDABAB77}.Release|Any CPU.Build.0 = Release|Any CPU
		{B44D442A-D4B5-4947-88C3-8AAE721B5EFE}.Debug|Any CPU.ActiveCfg = Debug|Any CPU
		{B44D442A-D4B5-4947-88C3-8AAE721B5EFE}.Debug|Any CPU.Build.0 = Debug|Any CPU
		{B44D442A-D4B5-4947-88C3-8AAE721B5EFE}.Release|Any CPU.ActiveCfg = Release|Any CPU
		{B44D442A-D4B5-4947-88C3-8AAE721B5EFE}.Release|Any CPU.Build.0 = Release|Any CPU
		{3F716CED-F97F-4AD5-B6F8-60637B1AE8D5}.Debug|Any CPU.ActiveCfg = Debug|Any CPU
		{3F716CED-F97F-4AD5-B6F8-60637B1AE8D5}.Debug|Any CPU.Build.0 = Debug|Any CPU
		{3F716CED-F97F-4AD5-B6F8-60637B1AE8D5}.Release|Any CPU.ActiveCfg = Release|Any CPU
		{3F716CED-F97F-4AD5-B6F8-60637B1AE8D5}.Release|Any CPU.Build.0 = Release|Any CPU
		{8D6D5017-CE80-4548-8A02-F503DAB329A5}.Debug|Any CPU.ActiveCfg = Debug|Any CPU
		{8D6D5017-CE80-4548-8A02-F503DAB329A5}.Debug|Any CPU.Build.0 = Debug|Any CPU
		{8D6D5017-CE80-4548-8A02-F503DAB329A5}.Release|Any CPU.ActiveCfg = Release|Any CPU
		{8D6D5017-CE80-4548-8A02-F503DAB329A5}.Release|Any CPU.Build.0 = Release|Any CPU
	EndGlobalSection
	GlobalSection(SolutionProperties) = preSolution
		HideSolutionNode = FALSE
	EndGlobalSection
	GlobalSection(NestedProjects) = preSolution
		{3F716CED-F97F-4AD5-B6F8-60637B1AE8D5} = {02EA681E-C7D8-13C7-8484-4AC65E1B71E8}
	EndGlobalSection
	GlobalSection(ExtensibilityGlobals) = postSolution
		SolutionGuid = {25455B6B-26E5-4E93-A814-1BA063FC4DFB}
	EndGlobalSection
EndGlobal
