
Microsoft Visual Studio Solution File, Format Version 12.00
# Visual Studio Version 17
VisualStudioVersion = 17.13.35919.96
MinimumVisualStudioVersion = 10.0.40219.1
Project("{FAE04EC0-301F-11D3-BF4B-00C04F79EFBC}") = "PRN222.CourseManagement.Repository", "PRN222.CourseManagement.Repository\PRN222.CourseManagement.Repository.csproj", "{E07D6485-2ABB-41DA-B349-7D05EDABAB77}"
EndProject
Project("{FAE04EC0-301F-11D3-BF4B-00C04F79EFBC}") = "PRN222.CourseManagementPresentation", "PRN222.CourseManagementPresentation\PRN222.CourseManagementPresentation.csproj", "{20F4C8B4-38AA-44F2-B304-F91BC726DA6A}"
EndProject
Project("{FAE04EC0-301F-11D3-BF4B-00C04F79EFBC}") = "PRN222.CourseManagement.PresentationServiceLayer", "PRN222.CourseManagement.PresentationServiceLayer\PRN222.CourseManagement.PresentationServiceLayer.csproj", "{00BD7D0F-EA6C-4501-8242-C3E557033EC8}"
EndProject
Project("{FAE04EC0-301F-11D3-BF4B-00C04F79EFBC}") = "PRN222.CourseManagement.ServiceLayer", "PRN222.CourseManagement.ServiceLayer\PRN222.CourseManagement.ServiceLayer.csproj", "{C714DD5D-962F-49C4-A2C0-CB817579498D}"
EndProject
Project("{FAE04EC0-301F-11D3-BF4B-00C04F79EFBC}") = "PRN222.CourseManagement.RepositoryTest", "PRN222.CourseManagement.RepositoryTest\PRN222.CourseManagement.RepositoryTest.csproj", "{B9101C41-CEF0-41DD-97C6-CCB15E71822E}"
EndProject
Project("{FAE04EC0-301F-11D3-BF4B-00C04F79EFBC}") = "PRN222.CourseManagement.ServiceTest", "PRN222.CourseManagement.ServiceTest\PRN222.CourseManagement.ServiceTest.csproj", "{72E4E7B5-7716-4EFF-B3A4-0BFA7EF9873A}"
EndProject
Global
	GlobalSection(SolutionConfigurationPlatforms) = preSolution
		Debug|Any CPU = Debug|Any CPU
		Release|Any CPU = Release|Any CPU
	EndGlobalSection
	GlobalSection(ProjectConfigurationPlatforms) = postSolution
		{E07D6485-2ABB-41DA-B349-7D05EDABAB77}.Debug|Any CPU.ActiveCfg = Debug|Any CPU
		{E07D6485-2ABB-41DA-B349-7D05EDABAB77}.Debug|Any CPU.Build.0 = Debug|Any CPU
		{E07D6485-2ABB-41DA-B349-7D05EDABAB77}.Release|Any CPU.ActiveCfg = Release|Any CPU
		{E07D6485-2ABB-41DA-B349-7D05EDABAB77}.Release|Any CPU.Build.0 = Release|Any CPU
		{20F4C8B4-38AA-44F2-B304-F91BC726DA6A}.Debug|Any CPU.ActiveCfg = Debug|Any CPU
		{20F4C8B4-38AA-44F2-B304-F91BC726DA6A}.Debug|Any CPU.Build.0 = Debug|Any CPU
		{20F4C8B4-38AA-44F2-B304-F91BC726DA6A}.Release|Any CPU.ActiveCfg = Release|Any CPU
		{20F4C8B4-38AA-44F2-B304-F91BC726DA6A}.Release|Any CPU.Build.0 = Release|Any CPU
		{00BD7D0F-EA6C-4501-8242-C3E557033EC8}.Debug|Any CPU.ActiveCfg = Debug|Any CPU
		{00BD7D0F-EA6C-4501-8242-C3E557033EC8}.Debug|Any CPU.Build.0 = Debug|Any CPU
		{00BD7D0F-EA6C-4501-8242-C3E557033EC8}.Release|Any CPU.ActiveCfg = Release|Any CPU
		{00BD7D0F-EA6C-4501-8242-C3E557033EC8}.Release|Any CPU.Build.0 = Release|Any CPU
		{C714DD5D-962F-49C4-A2C0-CB817579498D}.Debug|Any CPU.ActiveCfg = Debug|Any CPU
		{C714DD5D-962F-49C4-A2C0-CB817579498D}.Debug|Any CPU.Build.0 = Debug|Any CPU
		{C714DD5D-962F-49C4-A2C0-CB817579498D}.Release|Any CPU.ActiveCfg = Release|Any CPU
		{C714DD5D-962F-49C4-A2C0-CB817579498D}.Release|Any CPU.Build.0 = Release|Any CPU
		{B9101C41-CEF0-41DD-97C6-CCB15E71822E}.Debug|Any CPU.ActiveCfg = Debug|Any CPU
		{B9101C41-CEF0-41DD-97C6-CCB15E71822E}.Debug|Any CPU.Build.0 = Debug|Any CPU
		{B9101C41-CEF0-41DD-97C6-CCB15E71822E}.Release|Any CPU.ActiveCfg = Release|Any CPU
		{B9101C41-CEF0-41DD-97C6-CCB15E71822E}.Release|Any CPU.Build.0 = Release|Any CPU
		{72E4E7B5-7716-4EFF-B3A4-0BFA7EF9873A}.Debug|Any CPU.ActiveCfg = Debug|Any CPU
		{72E4E7B5-7716-4EFF-B3A4-0BFA7EF9873A}.Debug|Any CPU.Build.0 = Debug|Any CPU
		{72E4E7B5-7716-4EFF-B3A4-0BFA7EF9873A}.Release|Any CPU.ActiveCfg = Release|Any CPU
		{72E4E7B5-7716-4EFF-B3A4-0BFA7EF9873A}.Release|Any CPU.Build.0 = Release|Any CPU
	EndGlobalSection
	GlobalSection(SolutionProperties) = preSolution
		HideSolutionNode = FALSE
	EndGlobalSection
	GlobalSection(ExtensibilityGlobals) = postSolution
		SolutionGuid = {25455B6B-26E5-4E93-A814-1BA063FC4DFB}
	EndGlobalSection
EndGlobal
